<?xml version="1.0" encoding="utf-8"?>
<Project ToolsVersion="4.0" xmlns="http://schemas.microsoft.com/developer/msbuild/2003">
  <ItemGroup>
    <Filter Include="소스 파일">
      <UniqueIdentifier>{4FC737F1-C7A5-4376-A066-2A32D752A2FF}</UniqueIdentifier>
      <Extensions>cpp;c;cc;cxx;c++;cppm;ixx;def;odl;idl;hpj;bat;asm;asmx</Extensions>
    </Filter>
    <Filter Include="헤더 파일">
      <UniqueIdentifier>{93995380-89BD-4b04-88EB-625FBE52EBFB}</UniqueIdentifier>
      <Extensions>h;hh;hpp;hxx;h++;hm;inl;inc;ipp;xsd</Extensions>
    </Filter>
    <Filter Include="리소스 파일">
      <UniqueIdentifier>{67DA6AB6-F800-4c08-8B7A-83BB121AAD01}</UniqueIdentifier>
      <Extensions>rc;ico;cur;bmp;dlg;rc2;rct;bin;rgs;gif;jpg;jpeg;jpe;resx;tiff;tif;png;wav;mfcribbon-ms</Extensions>
    </Filter>
  </ItemGroup>
  <ItemGroup>
    <ClCompile Include="Main.cpp">
      <Filter>소스 파일</Filter>
    </ClCompile>
    <ClCompile Include="Level\TestLevel.cpp">
      <Filter>소스 파일</Filter>
    </ClCompile>
    <ClCompile Include="Tilemap\Tilemap.cpp">
      <Filter>소스 파일</Filter>
    </ClCompile>
    <ClCompile Include="TileMap\Tile.cpp">
      <Filter>소스 파일</Filter>
    </ClCompile>
    <ClCompile Include="TileMap\BSP\BSPNode.cpp">
      <Filter>소스 파일</Filter>
    </ClCompile>
    <ClCompile Include="Tilemap\BSP\RoomSpace\RoomSpace.cpp">
      <Filter>소스 파일</Filter>
    </ClCompile>
    <ClCompile Include="Tilemap\Room\Room.cpp">
      <Filter>소스 파일</Filter>
    </ClCompile>
    <ClCompile Include="Game\Game.cpp">
      <Filter>소스 파일</Filter>
    </ClCompile>
    <ClCompile Include="Game\Config\Config.cpp">
      <Filter>소스 파일</Filter>
    </ClCompile>
    <ClCompile Include="Actor\MapObject\MapObject.cpp">
      <Filter>소스 파일</Filter>
    </ClCompile>
    <ClCompile Include="Actor\MapObject\PlayerStart.cpp">
      <Filter>소스 파일</Filter>
    </ClCompile>
    <ClCompile Include="Actor\MapObject\NextLevel.cpp">
      <Filter>소스 파일</Filter>
    </ClCompile>
    <ClCompile Include="Actor\MapObject\Exit.cpp">
      <Filter>소스 파일</Filter>
    </ClCompile>
    <ClCompile Include="Level\TilemapLevel.cpp">
      <Filter>소스 파일</Filter>
    </ClCompile>
    <ClCompile Include="Actor\Pawn\Pawn.cpp">
      <Filter>소스 파일</Filter>
    </ClCompile>
    <ClCompile Include="Actor\Pawn\Player\PlayerPawn.cpp">
      <Filter>소스 파일</Filter>
    </ClCompile>
    <ClCompile Include="Actor\Bullet\Bullet.cpp">
      <Filter>소스 파일</Filter>
    </ClCompile>
    <ClCompile Include="Actor\ActorOnTile.cpp">
      <Filter>소스 파일</Filter>
    </ClCompile>
    <ClCompile Include="Actor\MapObject\RoomDoor.cpp">
      <Filter>소스 파일</Filter>
    </ClCompile>
    <ClCompile Include="Actor\Pawn\NPC\NPCBase.cpp">
      <Filter>소스 파일</Filter>
    </ClCompile>
    <ClCompile Include="Actor\Pawn\NPC\Slime\NPCSlime.cpp">
      <Filter>소스 파일</Filter>
    </ClCompile>
    <ClCompile Include="Game\State\GameMode\GM_Roguelike.cpp">
      <Filter>소스 파일</Filter>
    </ClCompile>
    <ClCompile Include="Game\State\PlayerState\PS_Roguelike.cpp">
      <Filter>소스 파일</Filter>
    </ClCompile>
    <ClCompile Include="Component\Attribute\AttributeComponent.cpp">
      <Filter>소스 파일</Filter>
    </ClCompile>
    <ClCompile Include="Navigation\NavigationTilemap.cpp">
      <Filter>소스 파일</Filter>
    </ClCompile>
    <ClCompile Include="Ability\AbilityObject.cpp">
      <Filter>소스 파일</Filter>
    </ClCompile>
    <ClCompile Include="Ability\Shooter\AbilityShooter.cpp">
      <Filter>소스 파일</Filter>
    </ClCompile>
    <ClCompile Include="Ability\Shooter\Projectile\AbilityProjectile.cpp">
      <Filter>소스 파일</Filter>
    </ClCompile>
    <ClCompile Include="Component\AbilitySystemComponent.cpp">
      <Filter>소스 파일</Filter>
    </ClCompile>
    <ClCompile Include="Ability\AbilityPeriodicDelay.cpp">
      <Filter>소스 파일</Filter>
    </ClCompile>
    <ClCompile Include="Ability\Melee\AbilityMelee.cpp">
      <Filter>소스 파일</Filter>
    </ClCompile>
    <ClCompile Include="Actor\Pawn\NPC\NPCMeleeBase.cpp">
      <Filter>소스 파일</Filter>
    </ClCompile>
    <ClCompile Include="Actor\Pawn\NPC\NPCRangeBase.cpp">
      <Filter>소스 파일</Filter>
    </ClCompile>
    <ClCompile Include="Actor\Pawn\NPC\GoblinArcher\NPCGoblinArcher.cpp">
      <Filter>소스 파일</Filter>
    </ClCompile>
    <ClCompile Include="UI\TextBlock\TextBlockFPS.cpp">
      <Filter>소스 파일</Filter>
    </ClCompile>
    <ClCompile Include="UI\HUD\HUDPlayer.cpp">
      <Filter>소스 파일</Filter>
    </ClCompile>
    <ClCompile Include="UI\BackgroundWidget.cpp">
      <Filter>소스 파일</Filter>
    </ClCompile>
    <ClCompile Include="Actor\FieldItem\FieldItem.cpp">
      <Filter>소스 파일</Filter>
    </ClCompile>
    <ClCompile Include="Actor\FieldItem\HealthPotion.cpp">
      <Filter>소스 파일</Filter>
    </ClCompile>
    <ClCompile Include="Item\ItemBase.cpp">
      <Filter>소스 파일</Filter>
    </ClCompile>
    <ClCompile Include="Actor\FieldItem\FieldSkillItem.cpp">
      <Filter>소스 파일</Filter>
    </ClCompile>
    <ClCompile Include="Ability\Shooter\Projectile\AbilitySpiritBall.cpp">
      <Filter>소스 파일</Filter>
    </ClCompile>
    <ClCompile Include="Ability\Shooter\Projectile\AbilityGoblinArrow.cpp">
      <Filter>소스 파일</Filter>
    </ClCompile>
    <ClCompile Include="Ability\AbilityBeam.cpp">
      <Filter>소스 파일</Filter>
    </ClCompile>
    <ClCompile Include="UI\TextBlock\TextBlockElapsedTime.cpp">
      <Filter>소스 파일</Filter>
    </ClCompile>
    <ClCompile Include="Actor\Pawn\NPC\Orc\NPCOrc.cpp">
      <Filter>소스 파일</Filter>
    </ClCompile>
    <ClCompile Include="Actor\Pawn\NPC\Troll\NPCTroll.cpp">
      <Filter>소스 파일</Filter>
    </ClCompile>
    <ClCompile Include="Actor\Pawn\NPC\Golem\NPCGolem.cpp">
      <Filter>소스 파일</Filter>
    </ClCompile>
    <ClCompile Include="Actor\Pawn\NPC\Imp\NPCImp.cpp">
      <Filter>소스 파일</Filter>
    </ClCompile>
    <ClCompile Include="Ability\Shooter\Projectile\AbilityImpFireball.cpp">
      <Filter>소스 파일</Filter>
    </ClCompile>
    <ClCompile Include="Ability\Shooter\Projectile\AbilityDarkBall.cpp">
      <Filter>소스 파일</Filter>
    </ClCompile>
    <ClCompile Include="Actor\Pawn\NPC\Sharman\NPCSharman.cpp">
      <Filter>소스 파일</Filter>
    </ClCompile>
    <ClCompile Include="Level\GameLevel.cpp">
      <Filter>소스 파일</Filter>
    </ClCompile>
    <ClCompile Include="UI\IngameMenu\IngameMenu.cpp">
      <Filter>소스 파일</Filter>
    </ClCompile>
    <ClCompile Include="UI\PlayerDeathMenu\PlayerDeathMenu.cpp">
      <Filter>소스 파일</Filter>
    </ClCompile>
    <ClCompile Include="Level\MainMenuLevel.cpp">
      <Filter>소스 파일</Filter>
    </ClCompile>
    <ClCompile Include="UI\MainMenu\MainMenu.cpp">
      <Filter>소스 파일</Filter>
    </ClCompile>
    <ClCompile Include="UI\TextBlock\TextBlockMousePos.cpp">
      <Filter>소스 파일</Filter>
    </ClCompile>
    <ClCompile Include="UI\TextBlock\TextBlockMouseButton.cpp">
      <Filter>소스 파일</Filter>
    </ClCompile>
    <ClCompile Include="Level\DummyLevel.cpp">
      <Filter>소스 파일</Filter>
    </ClCompile>
    <ClCompile Include="Game\State\PlayerState\PlayerAbilityInfo.cpp">
      <Filter>소스 파일</Filter>
    </ClCompile>
    <ClCompile Include="Ability\PlayerAbility\AbilityShotSpiritBall.cpp">
      <Filter>소스 파일</Filter>
    </ClCompile>
    <ClCompile Include="Actor\Projectile\Projectile.cpp">
      <Filter>소스 파일</Filter>
    </ClCompile>
    <ClCompile Include="Component\Attribute\PlayerAttributeComponent.cpp">
      <Filter>소스 파일</Filter>
    </ClCompile>
    <ClCompile Include="Ability\PlayerAbility\AbilityFrozenOrb.cpp">
      <Filter>소스 파일</Filter>
    </ClCompile>
    <ClCompile Include="Actor\Projectile\FrozenOrb\ProjectileFrozenOrb.cpp">
      <Filter>소스 파일</Filter>
    </ClCompile>
    <ClCompile Include="Actor\Projectile\FrozenOrb\ProjectileIceBolt.cpp">
      <Filter>소스 파일</Filter>
    </ClCompile>
  </ItemGroup>
  <ItemGroup>
    <ClInclude Include="Level\TestLevel.h">
      <Filter>헤더 파일</Filter>
    </ClInclude>
    <ClInclude Include="Tilemap\Tilemap.h">
      <Filter>헤더 파일</Filter>
    </ClInclude>
    <ClInclude Include="TileMap\Tile.h">
      <Filter>헤더 파일</Filter>
    </ClInclude>
    <ClInclude Include="Types\Enums.h">
      <Filter>헤더 파일</Filter>
    </ClInclude>
    <ClInclude Include="TileMap\BSP\BSPNode.h">
      <Filter>헤더 파일</Filter>
    </ClInclude>
    <ClInclude Include="Tilemap\BSP\RoomSpace\RoomSpace.h">
      <Filter>헤더 파일</Filter>
    </ClInclude>
    <ClInclude Include="Tilemap\Room\Room.h">
      <Filter>헤더 파일</Filter>
    </ClInclude>
    <ClInclude Include="Types\Defines.h">
      <Filter>헤더 파일</Filter>
    </ClInclude>
    <ClInclude Include="Types\Structs.h">
      <Filter>헤더 파일</Filter>
    </ClInclude>
    <ClInclude Include="Game\Game.h">
      <Filter>헤더 파일</Filter>
    </ClInclude>
    <ClInclude Include="Game\Config\Config.h">
      <Filter>헤더 파일</Filter>
    </ClInclude>
    <ClInclude Include="Actor\MapObject\MapObject.h">
      <Filter>헤더 파일</Filter>
    </ClInclude>
    <ClInclude Include="Actor\MapObject\PlayerStart.h">
      <Filter>헤더 파일</Filter>
    </ClInclude>
    <ClInclude Include="Actor\MapObject\NextLevel.h">
      <Filter>헤더 파일</Filter>
    </ClInclude>
    <ClInclude Include="Actor\MapObject\Exit.h">
      <Filter>헤더 파일</Filter>
    </ClInclude>
    <ClInclude Include="Level\TilemapLevel.h">
      <Filter>헤더 파일</Filter>
    </ClInclude>
    <ClInclude Include="Actor\Pawn\Pawn.h">
      <Filter>헤더 파일</Filter>
    </ClInclude>
    <ClInclude Include="Actor\Pawn\Player\PlayerPawn.h">
      <Filter>헤더 파일</Filter>
    </ClInclude>
    <ClInclude Include="Actor\Bullet\Bullet.h">
      <Filter>헤더 파일</Filter>
    </ClInclude>
    <ClInclude Include="Actor\ActorOnTile.h">
      <Filter>헤더 파일</Filter>
    </ClInclude>
    <ClInclude Include="Actor\MapObject\RoomDoor.h">
      <Filter>헤더 파일</Filter>
    </ClInclude>
    <ClInclude Include="Actor\Pawn\NPC\NPCBase.h">
      <Filter>헤더 파일</Filter>
    </ClInclude>
    <ClInclude Include="Actor\Pawn\NPC\Slime\NPCSlime.h">
      <Filter>헤더 파일</Filter>
    </ClInclude>
    <ClInclude Include="Game\State\GameMode\GM_Roguelike.h">
      <Filter>헤더 파일</Filter>
    </ClInclude>
    <ClInclude Include="Game\State\PlayerState\PS_Roguelike.h">
      <Filter>헤더 파일</Filter>
    </ClInclude>
    <ClInclude Include="Component\Attribute\AttributeComponent.h">
      <Filter>헤더 파일</Filter>
    </ClInclude>
    <ClInclude Include="Navigation\NavigationTilemap.h">
      <Filter>헤더 파일</Filter>
    </ClInclude>
    <ClInclude Include="Ability\AbilityObject.h">
      <Filter>헤더 파일</Filter>
    </ClInclude>
    <ClInclude Include="Ability\Shooter\AbilityShooter.h">
      <Filter>헤더 파일</Filter>
    </ClInclude>
    <ClInclude Include="Ability\Shooter\Projectile\AbilityProjectile.h">
      <Filter>헤더 파일</Filter>
    </ClInclude>
    <ClInclude Include="Component\AbilitySystemComponent.h">
      <Filter>헤더 파일</Filter>
    </ClInclude>
    <ClInclude Include="Ability\AbilityPeriodicDelay.h">
      <Filter>헤더 파일</Filter>
    </ClInclude>
    <ClInclude Include="Ability\Melee\AbilityMelee.h">
      <Filter>헤더 파일</Filter>
    </ClInclude>
    <ClInclude Include="Actor\Pawn\NPC\NPCMeleeBase.h">
      <Filter>헤더 파일</Filter>
    </ClInclude>
    <ClInclude Include="Actor\Pawn\NPC\NPCRangeBase.h">
      <Filter>헤더 파일</Filter>
    </ClInclude>
    <ClInclude Include="Actor\Pawn\NPC\GoblinArcher\NPCGoblinArcher.h">
      <Filter>헤더 파일</Filter>
    </ClInclude>
    <ClInclude Include="UI\TextBlock\TextBlockFPS.h">
      <Filter>헤더 파일</Filter>
    </ClInclude>
    <ClInclude Include="UI\HUD\HUDPlayer.h">
      <Filter>헤더 파일</Filter>
    </ClInclude>
    <ClInclude Include="UI\BackgroundWidget.h">
      <Filter>헤더 파일</Filter>
    </ClInclude>
    <ClInclude Include="Actor\FieldItem\FieldItem.h">
      <Filter>헤더 파일</Filter>
    </ClInclude>
    <ClInclude Include="Actor\FieldItem\HealthPotion.h">
      <Filter>헤더 파일</Filter>
    </ClInclude>
    <ClInclude Include="Item\ItemBase.h">
      <Filter>헤더 파일</Filter>
    </ClInclude>
    <ClInclude Include="Item\ItemData\ItemDataTable.h">
      <Filter>헤더 파일</Filter>
    </ClInclude>
    <ClInclude Include="Actor\FieldItem\FieldSkillItem.h">
      <Filter>헤더 파일</Filter>
    </ClInclude>
    <ClInclude Include="Ability\Shooter\Projectile\AbilitySpiritBall.h">
      <Filter>헤더 파일</Filter>
    </ClInclude>
    <ClInclude Include="Ability\Shooter\Projectile\AbilityGoblinArrow.h">
      <Filter>헤더 파일</Filter>
    </ClInclude>
    <ClInclude Include="Ability\AbilityBeam.h">
      <Filter>헤더 파일</Filter>
    </ClInclude>
    <ClInclude Include="UI\TextBlock\TextBlockElapsedTime.h">
      <Filter>헤더 파일</Filter>
    </ClInclude>
    <ClInclude Include="Actor\Pawn\NPC\Orc\NPCOrc.h">
      <Filter>헤더 파일</Filter>
    </ClInclude>
    <ClInclude Include="Actor\Pawn\NPC\Troll\NPCTroll.h">
      <Filter>헤더 파일</Filter>
    </ClInclude>
    <ClInclude Include="Actor\Pawn\NPC\Golem\NPCGolem.h">
      <Filter>헤더 파일</Filter>
    </ClInclude>
    <ClInclude Include="Actor\Pawn\NPC\Imp\NPCImp.h">
      <Filter>헤더 파일</Filter>
    </ClInclude>
    <ClInclude Include="Ability\Shooter\Projectile\AbilityImpFireball.h">
      <Filter>헤더 파일</Filter>
    </ClInclude>
    <ClInclude Include="Ability\Shooter\Projectile\AbilityDarkBall.h">
      <Filter>헤더 파일</Filter>
    </ClInclude>
    <ClInclude Include="Actor\Pawn\NPC\Sharman\NPCSharman.h">
      <Filter>헤더 파일</Filter>
    </ClInclude>
    <ClInclude Include="Level\GameLevel.h">
      <Filter>헤더 파일</Filter>
    </ClInclude>
    <ClInclude Include="UI\IngameMenu\IngameMenu.h">
      <Filter>헤더 파일</Filter>
    </ClInclude>
    <ClInclude Include="UI\PlayerDeathMenu\PlayerDeathMenu.h">
      <Filter>헤더 파일</Filter>
    </ClInclude>
    <ClInclude Include="UI\MenuItem.h">
      <Filter>헤더 파일</Filter>
    </ClInclude>
    <ClInclude Include="Level\MainMenuLevel.h">
      <Filter>헤더 파일</Filter>
    </ClInclude>
    <ClInclude Include="UI\MainMenu\MainMenu.h">
      <Filter>헤더 파일</Filter>
    </ClInclude>
    <ClInclude Include="UI\TextBlock\TextBlockMousePos.h">
      <Filter>헤더 파일</Filter>
    </ClInclude>
    <ClInclude Include="UI\TextBlock\TextBlockMouseButton.h">
      <Filter>헤더 파일</Filter>
    </ClInclude>
    <ClInclude Include="Level\DummyLevel.h">
      <Filter>헤더 파일</Filter>
    </ClInclude>
    <ClInclude Include="Ability\AbilityDataTable.h">
      <Filter>헤더 파일</Filter>
    </ClInclude>
    <ClInclude Include="Game\State\PlayerState\PlayerAbilityInfo.h">
      <Filter>헤더 파일</Filter>
    </ClInclude>
    <ClInclude Include="Ability\PlayerAbility\AbilityShotSpiritBall.h">
      <Filter>헤더 파일</Filter>
    </ClInclude>
    <ClInclude Include="Actor\Projectile\Projectile.h">
      <Filter>헤더 파일</Filter>
    </ClInclude>
    <ClInclude Include="Component\Attribute\PlayerAttributeComponent.h">
      <Filter>헤더 파일</Filter>
    </ClInclude>
    <ClInclude Include="Ability\PlayerAbility\AbilityFrozenOrb.h">
      <Filter>헤더 파일</Filter>
    </ClInclude>
    <ClInclude Include="Actor\Projectile\FrozenOrb\ProjectileFrozenOrb.h">
      <Filter>헤더 파일</Filter>
    </ClInclude>
    <ClInclude Include="Actor\Projectile\FrozenOrb\ProjectileIceBolt.h">
      <Filter>헤더 파일</Filter>
    </ClInclude>
  </ItemGroup>
</Project>